// !$*UTF8*$!
{
	archiveVersion = 1;
	classes = {
	};
	objectVersion = 56;
	objects = {

/* Begin PBXBuildFile section */
		391A3F9B29547CEF00AF5912 /* AppDelegate.swift in Sources */ = {isa = PBXBuildFile; fileRef = 391A3F9A29547CEF00AF5912 /* AppDelegate.swift */; };
		391A3F9D29547CEF00AF5912 /* SceneDelegate.swift in Sources */ = {isa = PBXBuildFile; fileRef = 391A3F9C29547CEF00AF5912 /* SceneDelegate.swift */; };
		391A3F9F29547CEF00AF5912 /* HomeViewController.swift in Sources */ = {isa = PBXBuildFile; fileRef = 391A3F9E29547CEF00AF5912 /* HomeViewController.swift */; };
		391A3FA229547CEF00AF5912 /* Main.storyboard in Resources */ = {isa = PBXBuildFile; fileRef = 391A3FA029547CEF00AF5912 /* Main.storyboard */; };
		391A3FA429547CF000AF5912 /* Assets.xcassets in Resources */ = {isa = PBXBuildFile; fileRef = 391A3FA329547CF000AF5912 /* Assets.xcassets */; };
		391A3FA729547CF000AF5912 /* LaunchScreen.storyboard in Resources */ = {isa = PBXBuildFile; fileRef = 391A3FA529547CF000AF5912 /* LaunchScreen.storyboard */; };
		391A3FB429547E1700AF5912 /* ExploreViewController.swift in Sources */ = {isa = PBXBuildFile; fileRef = 391A3FB329547E1700AF5912 /* ExploreViewController.swift */; };
		391A3FB629547E5100AF5912 /* FeedUIViewController.swift in Sources */ = {isa = PBXBuildFile; fileRef = 391A3FB529547E5100AF5912 /* FeedUIViewController.swift */; };
		391A3FB829547E6400AF5912 /* NotificationViewController.swift in Sources */ = {isa = PBXBuildFile; fileRef = 391A3FB729547E6400AF5912 /* NotificationViewController.swift */; };
		391A3FBA29547E7600AF5912 /* ProfileViewController.swift in Sources */ = {isa = PBXBuildFile; fileRef = 391A3FB929547E7600AF5912 /* ProfileViewController.swift */; };
		391A3FBF29547F2900AF5912 /* LoginViewController.swift in Sources */ = {isa = PBXBuildFile; fileRef = 391A3FBE29547F2900AF5912 /* LoginViewController.swift */; };
		391A3FC129547F4000AF5912 /* RegistrationViewController.swift in Sources */ = {isa = PBXBuildFile; fileRef = 391A3FC029547F4000AF5912 /* RegistrationViewController.swift */; };
		391A3FC429547F7400AF5912 /* FeedViewController.swift in Sources */ = {isa = PBXBuildFile; fileRef = 391A3FC329547F7400AF5912 /* FeedViewController.swift */; };
		391A3FC629547FA800AF5912 /* EditProfileViewController.swift in Sources */ = {isa = PBXBuildFile; fileRef = 391A3FC529547FA800AF5912 /* EditProfileViewController.swift */; };
		391A3FC82954803400AF5912 /* SettingsViewController.swift in Sources */ = {isa = PBXBuildFile; fileRef = 391A3FC72954803400AF5912 /* SettingsViewController.swift */; };
		391A3FCA2954804500AF5912 /* ListViewController.swift in Sources */ = {isa = PBXBuildFile; fileRef = 391A3FC92954804500AF5912 /* ListViewController.swift */; };
		391A3FCC2954806500AF5912 /* SearchViewController.swift in Sources */ = {isa = PBXBuildFile; fileRef = 391A3FCB2954806500AF5912 /* SearchViewController.swift */; };
		391A3FCE2954807D00AF5912 /* SearchResultsViewController.swift in Sources */ = {isa = PBXBuildFile; fileRef = 391A3FCD2954807D00AF5912 /* SearchResultsViewController.swift */; };
		391A3FD02954815700AF5912 /* PostEditorViewController.swift in Sources */ = {isa = PBXBuildFile; fileRef = 391A3FCF2954815700AF5912 /* PostEditorViewController.swift */; };
		391A3FD22954816800AF5912 /* PublishPostViewController.swift in Sources */ = {isa = PBXBuildFile; fileRef = 391A3FD12954816800AF5912 /* PublishPostViewController.swift */; };
/* End PBXBuildFile section */

/* Begin PBXFileReference section */
		391A3F9729547CEF00AF5912 /* BVURam.app */ = {isa = PBXFileReference; explicitFileType = wrapper.application; includeInIndex = 0; path = BVURam.app; sourceTree = BUILT_PRODUCTS_DIR; };
		391A3F9A29547CEF00AF5912 /* AppDelegate.swift */ = {isa = PBXFileReference; lastKnownFileType = sourcecode.swift; path = AppDelegate.swift; sourceTree = "<group>"; };
		391A3F9C29547CEF00AF5912 /* SceneDelegate.swift */ = {isa = PBXFileReference; lastKnownFileType = sourcecode.swift; path = SceneDelegate.swift; sourceTree = "<group>"; };
		391A3F9E29547CEF00AF5912 /* HomeViewController.swift */ = {isa = PBXFileReference; lastKnownFileType = sourcecode.swift; path = HomeViewController.swift; sourceTree = "<group>"; };
		391A3FA129547CEF00AF5912 /* Base */ = {isa = PBXFileReference; lastKnownFileType = file.storyboard; name = Base; path = Base.lproj/Main.storyboard; sourceTree = "<group>"; };
		391A3FA329547CF000AF5912 /* Assets.xcassets */ = {isa = PBXFileReference; lastKnownFileType = folder.assetcatalog; path = Assets.xcassets; sourceTree = "<group>"; };
		391A3FA629547CF000AF5912 /* Base */ = {isa = PBXFileReference; lastKnownFileType = file.storyboard; name = Base; path = Base.lproj/LaunchScreen.storyboard; sourceTree = "<group>"; };
		391A3FA829547CF000AF5912 /* Info.plist */ = {isa = PBXFileReference; lastKnownFileType = text.plist.xml; path = Info.plist; sourceTree = "<group>"; };
		391A3FB329547E1700AF5912 /* ExploreViewController.swift */ = {isa = PBXFileReference; lastKnownFileType = sourcecode.swift; path = ExploreViewController.swift; sourceTree = "<group>"; };
		391A3FB529547E5100AF5912 /* FeedUIViewController.swift */ = {isa = PBXFileReference; lastKnownFileType = sourcecode.swift; path = FeedUIViewController.swift; sourceTree = "<group>"; };
		391A3FB729547E6400AF5912 /* NotificationViewController.swift */ = {isa = PBXFileReference; lastKnownFileType = sourcecode.swift; path = NotificationViewController.swift; sourceTree = "<group>"; };
		391A3FB929547E7600AF5912 /* ProfileViewController.swift */ = {isa = PBXFileReference; lastKnownFileType = sourcecode.swift; path = ProfileViewController.swift; sourceTree = "<group>"; };
		391A3FBE29547F2900AF5912 /* LoginViewController.swift */ = {isa = PBXFileReference; lastKnownFileType = sourcecode.swift; path = LoginViewController.swift; sourceTree = "<group>"; };
		391A3FC029547F4000AF5912 /* RegistrationViewController.swift */ = {isa = PBXFileReference; lastKnownFileType = sourcecode.swift; path = RegistrationViewController.swift; sourceTree = "<group>"; };
		391A3FC329547F7400AF5912 /* FeedViewController.swift */ = {isa = PBXFileReference; lastKnownFileType = sourcecode.swift; path = FeedViewController.swift; sourceTree = "<group>"; };
		391A3FC529547FA800AF5912 /* EditProfileViewController.swift */ = {isa = PBXFileReference; lastKnownFileType = sourcecode.swift; path = EditProfileViewController.swift; sourceTree = "<group>"; };
		391A3FC72954803400AF5912 /* SettingsViewController.swift */ = {isa = PBXFileReference; lastKnownFileType = sourcecode.swift; path = SettingsViewController.swift; sourceTree = "<group>"; };
		391A3FC92954804500AF5912 /* ListViewController.swift */ = {isa = PBXFileReference; lastKnownFileType = sourcecode.swift; path = ListViewController.swift; sourceTree = "<group>"; };
		391A3FCB2954806500AF5912 /* SearchViewController.swift */ = {isa = PBXFileReference; lastKnownFileType = sourcecode.swift; path = SearchViewController.swift; sourceTree = "<group>"; };
		391A3FCD2954807D00AF5912 /* SearchResultsViewController.swift */ = {isa = PBXFileReference; lastKnownFileType = sourcecode.swift; path = SearchResultsViewController.swift; sourceTree = "<group>"; };
		391A3FCF2954815700AF5912 /* PostEditorViewController.swift */ = {isa = PBXFileReference; lastKnownFileType = sourcecode.swift; path = PostEditorViewController.swift; sourceTree = "<group>"; };
		391A3FD12954816800AF5912 /* PublishPostViewController.swift */ = {isa = PBXFileReference; lastKnownFileType = sourcecode.swift; path = PublishPostViewController.swift; sourceTree = "<group>"; };
/* End PBXFileReference section */

/* Begin PBXFrameworksBuildPhase section */
		391A3F9429547CEF00AF5912 /* Frameworks */ = {
			isa = PBXFrameworksBuildPhase;
			buildActionMask = 2147483647;
			files = (
			);
			runOnlyForDeploymentPostprocessing = 0;
		};
/* End PBXFrameworksBuildPhase section */

/* Begin PBXGroup section */
		391A3F8E29547CEF00AF5912 = {
			isa = PBXGroup;
			children = (
				391A3F9929547CEF00AF5912 /* BVURam */,
				391A3F9829547CEF00AF5912 /* Products */,
			);
			sourceTree = "<group>";
		};
		391A3F9829547CEF00AF5912 /* Products */ = {
			isa = PBXGroup;
			children = (
				391A3F9729547CEF00AF5912 /* BVURam.app */,
			);
			name = Products;
			sourceTree = "<group>";
		};
		391A3F9929547CEF00AF5912 /* BVURam */ = {
			isa = PBXGroup;
			children = (
				391A3FA829547CF000AF5912 /* Info.plist */,
				391A3FB129547D2400AF5912 /* Resources */,
				391A3FB029547D1700AF5912 /* Models */,
				391A3FAF29547D1100AF5912 /* Views */,
				391A3FAE29547D0100AF5912 /* Controllers */,
			);
			path = BVURam;
			sourceTree = "<group>";
		};
		391A3FAE29547D0100AF5912 /* Controllers */ = {
			isa = PBXGroup;
			children = (
				391A3FBC29547EE500AF5912 /* Other */,
				391A3FBB29547E9200AF5912 /* Core Tabs */,
			);
			path = Controllers;
			sourceTree = "<group>";
		};
		391A3FAF29547D1100AF5912 /* Views */ = {
			isa = PBXGroup;
			children = (
				391A3FB229547D6700AF5912 /* Storyboards */,
				391A3FA329547CF000AF5912 /* Assets.xcassets */,
			);
			path = Views;
			sourceTree = "<group>";
		};
		391A3FB029547D1700AF5912 /* Models */ = {
			isa = PBXGroup;
			children = (
			);
			path = Models;
			sourceTree = "<group>";
		};
		391A3FB129547D2400AF5912 /* Resources */ = {
			isa = PBXGroup;
			children = (
				391A3F9A29547CEF00AF5912 /* AppDelegate.swift */,
				391A3F9C29547CEF00AF5912 /* SceneDelegate.swift */,
			);
			path = Resources;
			sourceTree = "<group>";
		};
		391A3FB229547D6700AF5912 /* Storyboards */ = {
			isa = PBXGroup;
			children = (
				391A3FA529547CF000AF5912 /* LaunchScreen.storyboard */,
				391A3FA029547CEF00AF5912 /* Main.storyboard */,
			);
			path = Storyboards;
			sourceTree = "<group>";
		};
		391A3FBB29547E9200AF5912 /* Core Tabs */ = {
			isa = PBXGroup;
			children = (
				391A3F9E29547CEF00AF5912 /* HomeViewController.swift */,
				391A3FB329547E1700AF5912 /* ExploreViewController.swift */,
				391A3FB529547E5100AF5912 /* FeedUIViewController.swift */,
				391A3FB729547E6400AF5912 /* NotificationViewController.swift */,
				391A3FB929547E7600AF5912 /* ProfileViewController.swift */,
			);
			path = "Core Tabs";
			sourceTree = "<group>";
		};
		391A3FBC29547EE500AF5912 /* Other */ = {
			isa = PBXGroup;
			children = (
				391A3FBD29547F0000AF5912 /* Onboarding */,
				391A3FC329547F7400AF5912 /* FeedViewController.swift */,
				391A3FC529547FA800AF5912 /* EditProfileViewController.swift */,
				391A3FC72954803400AF5912 /* SettingsViewController.swift */,
				391A3FC92954804500AF5912 /* ListViewController.swift */,
				391A3FCB2954806500AF5912 /* SearchViewController.swift */,
				391A3FCD2954807D00AF5912 /* SearchResultsViewController.swift */,
				391A3FCF2954815700AF5912 /* PostEditorViewController.swift */,
				391A3FD12954816800AF5912 /* PublishPostViewController.swift */,
			);
			path = Other;
			sourceTree = "<group>";
		};
		391A3FBD29547F0000AF5912 /* Onboarding */ = {
			isa = PBXGroup;
			children = (
				391A3FBE29547F2900AF5912 /* LoginViewController.swift */,
				391A3FC029547F4000AF5912 /* RegistrationViewController.swift */,
			);
			path = Onboarding;
			sourceTree = "<group>";
		};
/* End PBXGroup section */

/* Begin PBXNativeTarget section */
		391A3F9629547CEF00AF5912 /* BVURam */ = {
			isa = PBXNativeTarget;
			buildConfigurationList = 391A3FAB29547CF000AF5912 /* Build configuration list for PBXNativeTarget "BVURam" */;
			buildPhases = (
				391A3F9329547CEF00AF5912 /* Sources */,
				391A3F9429547CEF00AF5912 /* Frameworks */,
				391A3F9529547CEF00AF5912 /* Resources */,
			);
			buildRules = (
			);
			dependencies = (
			);
			name = BVURam;
			productName = BVURam;
			productReference = 391A3F9729547CEF00AF5912 /* BVURam.app */;
			productType = "com.apple.product-type.application";
		};
/* End PBXNativeTarget section */

/* Begin PBXProject section */
		391A3F8F29547CEF00AF5912 /* Project object */ = {
			isa = PBXProject;
			attributes = {
				BuildIndependentTargetsInParallel = 1;
				LastSwiftUpdateCheck = 1400;
				LastUpgradeCheck = 1400;
				TargetAttributes = {
					391A3F9629547CEF00AF5912 = {
						CreatedOnToolsVersion = 14.0;
					};
				};
			};
			buildConfigurationList = 391A3F9229547CEF00AF5912 /* Build configuration list for PBXProject "BVURam" */;
			compatibilityVersion = "Xcode 14.0";
			developmentRegion = en;
			hasScannedForEncodings = 0;
			knownRegions = (
				en,
				Base,
			);
			mainGroup = 391A3F8E29547CEF00AF5912;
			productRefGroup = 391A3F9829547CEF00AF5912 /* Products */;
			projectDirPath = "";
			projectRoot = "";
			targets = (
				391A3F9629547CEF00AF5912 /* BVURam */,
			);
		};
/* End PBXProject section */

/* Begin PBXResourcesBuildPhase section */
		391A3F9529547CEF00AF5912 /* Resources */ = {
			isa = PBXResourcesBuildPhase;
			buildActionMask = 2147483647;
			files = (
				391A3FA729547CF000AF5912 /* LaunchScreen.storyboard in Resources */,
				391A3FA429547CF000AF5912 /* Assets.xcassets in Resources */,
				391A3FA229547CEF00AF5912 /* Main.storyboard in Resources */,
			);
			runOnlyForDeploymentPostprocessing = 0;
		};
/* End PBXResourcesBuildPhase section */

/* Begin PBXSourcesBuildPhase section */
		391A3F9329547CEF00AF5912 /* Sources */ = {
			isa = PBXSourcesBuildPhase;
			buildActionMask = 2147483647;
			files = (
				391A3FC629547FA800AF5912 /* EditProfileViewController.swift in Sources */,
				391A3F9F29547CEF00AF5912 /* HomeViewController.swift in Sources */,
				391A3FD22954816800AF5912 /* PublishPostViewController.swift in Sources */,
				391A3FB629547E5100AF5912 /* FeedUIViewController.swift in Sources */,
				391A3FB829547E6400AF5912 /* NotificationViewController.swift in Sources */,
				391A3FCE2954807D00AF5912 /* SearchResultsViewController.swift in Sources */,
				391A3FD02954815700AF5912 /* PostEditorViewController.swift in Sources */,
				391A3FC129547F4000AF5912 /* RegistrationViewController.swift in Sources */,
				391A3FC429547F7400AF5912 /* FeedViewController.swift in Sources */,
				391A3F9B29547CEF00AF5912 /* AppDelegate.swift in Sources */,
				391A3FBF29547F2900AF5912 /* LoginViewController.swift in Sources */,
				391A3FCC2954806500AF5912 /* SearchViewController.swift in Sources */,
				391A3FBA29547E7600AF5912 /* ProfileViewController.swift in Sources */,
				391A3F9D29547CEF00AF5912 /* SceneDelegate.swift in Sources */,
				391A3FB429547E1700AF5912 /* ExploreViewController.swift in Sources */,
				391A3FCA2954804500AF5912 /* ListViewController.swift in Sources */,
				391A3FC82954803400AF5912 /* SettingsViewController.swift in Sources */,
			);
			runOnlyForDeploymentPostprocessing = 0;
		};
/* End PBXSourcesBuildPhase section */

/* Begin PBXVariantGroup section */
		391A3FA029547CEF00AF5912 /* Main.storyboard */ = {
			isa = PBXVariantGroup;
			children = (
				391A3FA129547CEF00AF5912 /* Base */,
			);
			name = Main.storyboard;
			sourceTree = "<group>";
		};
		391A3FA529547CF000AF5912 /* LaunchScreen.storyboard */ = {
			isa = PBXVariantGroup;
			children = (
				391A3FA629547CF000AF5912 /* Base */,
			);
			name = LaunchScreen.storyboard;
			sourceTree = "<group>";
		};
/* End PBXVariantGroup section */

/* Begin XCBuildConfiguration section */
		391A3FA929547CF000AF5912 /* Debug */ = {
			isa = XCBuildConfiguration;
			buildSettings = {
				ALWAYS_SEARCH_USER_PATHS = NO;
				CLANG_ANALYZER_NONNULL = YES;
				CLANG_ANALYZER_NUMBER_OBJECT_CONVERSION = YES_AGGRESSIVE;
				CLANG_CXX_LANGUAGE_STANDARD = "gnu++20";
				CLANG_ENABLE_MODULES = YES;
				CLANG_ENABLE_OBJC_ARC = YES;
				CLANG_ENABLE_OBJC_WEAK = YES;
				CLANG_WARN_BLOCK_CAPTURE_AUTORELEASING = YES;
				CLANG_WARN_BOOL_CONVERSION = YES;
				CLANG_WARN_COMMA = YES;
				CLANG_WARN_CONSTANT_CONVERSION = YES;
				CLANG_WARN_DEPRECATED_OBJC_IMPLEMENTATIONS = YES;
				CLANG_WARN_DIRECT_OBJC_ISA_USAGE = YES_ERROR;
				CLANG_WARN_DOCUMENTATION_COMMENTS = YES;
				CLANG_WARN_EMPTY_BODY = YES;
				CLANG_WARN_ENUM_CONVERSION = YES;
				CLANG_WARN_INFINITE_RECURSION = YES;
				CLANG_WARN_INT_CONVERSION = YES;
				CLANG_WARN_NON_LITERAL_NULL_CONVERSION = YES;
				CLANG_WARN_OBJC_IMPLICIT_RETAIN_SELF = YES;
				CLANG_WARN_OBJC_LITERAL_CONVERSION = YES;
				CLANG_WARN_OBJC_ROOT_CLASS = YES_ERROR;
				CLANG_WARN_QUOTED_INCLUDE_IN_FRAMEWORK_HEADER = YES;
				CLANG_WARN_RANGE_LOOP_ANALYSIS = YES;
				CLANG_WARN_STRICT_PROTOTYPES = YES;
				CLANG_WARN_SUSPICIOUS_MOVE = YES;
				CLANG_WARN_UNGUARDED_AVAILABILITY = YES_AGGRESSIVE;
				CLANG_WARN_UNREACHABLE_CODE = YES;
				CLANG_WARN__DUPLICATE_METHOD_MATCH = YES;
				COPY_PHASE_STRIP = NO;
				DEBUG_INFORMATION_FORMAT = dwarf;
				ENABLE_STRICT_OBJC_MSGSEND = YES;
				ENABLE_TESTABILITY = YES;
				GCC_C_LANGUAGE_STANDARD = gnu11;
				GCC_DYNAMIC_NO_PIC = NO;
				GCC_NO_COMMON_BLOCKS = YES;
				GCC_OPTIMIZATION_LEVEL = 0;
				GCC_PREPROCESSOR_DEFINITIONS = (
					"DEBUG=1",
					"$(inherited)",
				);
				GCC_WARN_64_TO_32_BIT_CONVERSION = YES;
				GCC_WARN_ABOUT_RETURN_TYPE = YES_ERROR;
				GCC_WARN_UNDECLARED_SELECTOR = YES;
				GCC_WARN_UNINITIALIZED_AUTOS = YES_AGGRESSIVE;
				GCC_WARN_UNUSED_FUNCTION = YES;
				GCC_WARN_UNUSED_VARIABLE = YES;
				IPHONEOS_DEPLOYMENT_TARGET = 16.0;
				MTL_ENABLE_DEBUG_INFO = INCLUDE_SOURCE;
				MTL_FAST_MATH = YES;
				ONLY_ACTIVE_ARCH = YES;
				SDKROOT = iphoneos;
				SWIFT_ACTIVE_COMPILATION_CONDITIONS = DEBUG;
				SWIFT_OPTIMIZATION_LEVEL = "-Onone";
			};
			name = Debug;
		};
		391A3FAA29547CF000AF5912 /* Release */ = {
			isa = XCBuildConfiguration;
			buildSettings = {
				ALWAYS_SEARCH_USER_PATHS = NO;
				CLANG_ANALYZER_NONNULL = YES;
				CLANG_ANALYZER_NUMBER_OBJECT_CONVERSION = YES_AGGRESSIVE;
				CLANG_CXX_LANGUAGE_STANDARD = "gnu++20";
				CLANG_ENABLE_MODULES = YES;
				CLANG_ENABLE_OBJC_ARC = YES;
				CLANG_ENABLE_OBJC_WEAK = YES;
				CLANG_WARN_BLOCK_CAPTURE_AUTORELEASING = YES;
				CLANG_WARN_BOOL_CONVERSION = YES;
				CLANG_WARN_COMMA = YES;
				CLANG_WARN_CONSTANT_CONVERSION = YES;
				CLANG_WARN_DEPRECATED_OBJC_IMPLEMENTATIONS = YES;
				CLANG_WARN_DIRECT_OBJC_ISA_USAGE = YES_ERROR;
				CLANG_WARN_DOCUMENTATION_COMMENTS = YES;
				CLANG_WARN_EMPTY_BODY = YES;
				CLANG_WARN_ENUM_CONVERSION = YES;
				CLANG_WARN_INFINITE_RECURSION = YES;
				CLANG_WARN_INT_CONVERSION = YES;
				CLANG_WARN_NON_LITERAL_NULL_CONVERSION = YES;
				CLANG_WARN_OBJC_IMPLICIT_RETAIN_SELF = YES;
				CLANG_WARN_OBJC_LITERAL_CONVERSION = YES;
				CLANG_WARN_OBJC_ROOT_CLASS = YES_ERROR;
				CLANG_WARN_QUOTED_INCLUDE_IN_FRAMEWORK_HEADER = YES;
				CLANG_WARN_RANGE_LOOP_ANALYSIS = YES;
				CLANG_WARN_STRICT_PROTOTYPES = YES;
				CLANG_WARN_SUSPICIOUS_MOVE = YES;
				CLANG_WARN_UNGUARDED_AVAILABILITY = YES_AGGRESSIVE;
				CLANG_WARN_UNREACHABLE_CODE = YES;
				CLANG_WARN__DUPLICATE_METHOD_MATCH = YES;
				COPY_PHASE_STRIP = NO;
				DEBUG_INFORMATION_FORMAT = "dwarf-with-dsym";
				ENABLE_NS_ASSERTIONS = NO;
				ENABLE_STRICT_OBJC_MSGSEND = YES;
				GCC_C_LANGUAGE_STANDARD = gnu11;
				GCC_NO_COMMON_BLOCKS = YES;
				GCC_WARN_64_TO_32_BIT_CONVERSION = YES;
				GCC_WARN_ABOUT_RETURN_TYPE = YES_ERROR;
				GCC_WARN_UNDECLARED_SELECTOR = YES;
				GCC_WARN_UNINITIALIZED_AUTOS = YES_AGGRESSIVE;
				GCC_WARN_UNUSED_FUNCTION = YES;
				GCC_WARN_UNUSED_VARIABLE = YES;
				IPHONEOS_DEPLOYMENT_TARGET = 16.0;
				MTL_ENABLE_DEBUG_INFO = NO;
				MTL_FAST_MATH = YES;
				SDKROOT = iphoneos;
				SWIFT_COMPILATION_MODE = wholemodule;
				SWIFT_OPTIMIZATION_LEVEL = "-O";
				VALIDATE_PRODUCT = YES;
			};
			name = Release;
		};
		391A3FAC29547CF000AF5912 /* Debug */ = {
			isa = XCBuildConfiguration;
			buildSettings = {
				ASSETCATALOG_COMPILER_APPICON_NAME = AppIcon;
				ASSETCATALOG_COMPILER_GLOBAL_ACCENT_COLOR_NAME = AccentColor;
				CODE_SIGN_STYLE = Automatic;
				CURRENT_PROJECT_VERSION = 1;
				DEVELOPMENT_TEAM = FW98869MS8;
				GENERATE_INFOPLIST_FILE = YES;
				INFOPLIST_FILE = BVURam/Info.plist;
				INFOPLIST_KEY_UIApplicationSupportsIndirectInputEvents = YES;
				INFOPLIST_KEY_UILaunchStoryboardName = LaunchScreen;
				INFOPLIST_KEY_UIMainStoryboardFile = Main;
				INFOPLIST_KEY_UISupportedInterfaceOrientations_iPad = "UIInterfaceOrientationPortrait UIInterfaceOrientationPortraitUpsideDown UIInterfaceOrientationLandscapeLeft UIInterfaceOrientationLandscapeRight";
				INFOPLIST_KEY_UISupportedInterfaceOrientations_iPhone = "UIInterfaceOrientationPortrait UIInterfaceOrientationLandscapeLeft UIInterfaceOrientationLandscapeRight";
				LD_RUNPATH_SEARCH_PATHS = (
					"$(inherited)",
					"@executable_path/Frameworks",
				);
				MARKETING_VERSION = 1.0;
				PRODUCT_BUNDLE_IDENTIFIER = com.vxcx.BVURam;
				PRODUCT_NAME = "$(TARGET_NAME)";
				SWIFT_EMIT_LOC_STRINGS = YES;
				SWIFT_VERSION = 5.0;
				TARGETED_DEVICE_FAMILY = "1,2";
			};
			name = Debug;
		};
		391A3FAD29547CF000AF5912 /* Release */ = {
			isa = XCBuildConfiguration;
			buildSettings = {
				ASSETCATALOG_COMPILER_APPICON_NAME = AppIcon;
				ASSETCATALOG_COMPILER_GLOBAL_ACCENT_COLOR_NAME = AccentColor;
				CODE_SIGN_STYLE = Automatic;
				CURRENT_PROJECT_VERSION = 1;
				DEVELOPMENT_TEAM = FW98869MS8;
				GENERATE_INFOPLIST_FILE = YES;
				INFOPLIST_FILE = BVURam/Info.plist;
				INFOPLIST_KEY_UIApplicationSupportsIndirectInputEvents = YES;
				INFOPLIST_KEY_UILaunchStoryboardName = LaunchScreen;
				INFOPLIST_KEY_UIMainStoryboardFile = Main;
				INFOPLIST_KEY_UISupportedInterfaceOrientations_iPad = "UIInterfaceOrientationPortrait UIInterfaceOrientationPortraitUpsideDown UIInterfaceOrientationLandscapeLeft UIInterfaceOrientationLandscapeRight";
				INFOPLIST_KEY_UISupportedInterfaceOrientations_iPhone = "UIInterfaceOrientationPortrait UIInterfaceOrientationLandscapeLeft UIInterfaceOrientationLandscapeRight";
				LD_RUNPATH_SEARCH_PATHS = (
					"$(inherited)",
					"@executable_path/Frameworks",
				);
				MARKETING_VERSION = 1.0;
				PRODUCT_BUNDLE_IDENTIFIER = com.vxcx.BVURam;
				PRODUCT_NAME = "$(TARGET_NAME)";
				SWIFT_EMIT_LOC_STRINGS = YES;
				SWIFT_VERSION = 5.0;
				TARGETED_DEVICE_FAMILY = "1,2";
			};
			name = Release;
		};
/* End XCBuildConfiguration section */

/* Begin XCConfigurationList section */
		391A3F9229547CEF00AF5912 /* Build configuration list for PBXProject "BVURam" */ = {
			isa = XCConfigurationList;
			buildConfigurations = (
				391A3FA929547CF000AF5912 /* Debug */,
				391A3FAA29547CF000AF5912 /* Release */,
			);
			defaultConfigurationIsVisible = 0;
			defaultConfigurationName = Release;
		};
		391A3FAB29547CF000AF5912 /* Build configuration list for PBXNativeTarget "BVURam" */ = {
			isa = XCConfigurationList;
			buildConfigurations = (
				391A3FAC29547CF000AF5912 /* Debug */,
				391A3FAD29547CF000AF5912 /* Release */,
			);
			defaultConfigurationIsVisible = 0;
			defaultConfigurationName = Release;
		};
/* End XCConfigurationList section */
	};
	rootObject = 391A3F8F29547CEF00AF5912 /* Project object */;
}
